
Microsoft Visual Studio Solution File, Format Version 12.00
# Visual Studio Version 17
VisualStudioVersion = 17.14.36109.1
MinimumVisualStudioVersion = 15.0.26124.0
Project("{9A19103F-16F7-4668-BE54-9A1E7A4F7556}") = "TechFood.Payment.Api", "src\TechFood.Payment.Api\TechFood.Payment.Api.csproj", "{8B1BD942-35AA-49B2-B5F2-5D5EF56EDD66}"
EndProject
Project("{9A19103F-16F7-4668-BE54-9A1E7A4F7556}") = "TechFood.Payment.Domain", "src\TechFood.Payment.Domain\TechFood.Payment.Domain.csproj", "{7A68BD09-3BED-4C0E-9188-EAC2FEBC0AEE}"
EndProject
Project("{9A19103F-16F7-4668-BE54-9A1E7A4F7556}") = "TechFood.Payment.Infra", "src\TechFood.Payment.Infra\TechFood.Payment.Infra.csproj", "{C48990EA-241C-42D4-9592-23CA0362570B}"
EndProject
Project("{9A19103F-16F7-4668-BE54-9A1E7A4F7556}") = "TechFood.Payment.Application", "src\TechFood.Payment.Application\TechFood.Payment.Application.csproj", "{7C0FDF26-D329-41E9-B142-746F3A5AA6ED}"
EndProject
Project("{2150E333-8FDC-42A3-9474-1A3956D46DE8}") = "src", "src", "{2999BE8A-2C03-4997-957A-66142629BCD5}"
EndProject
Project("{2150E333-8FDC-42A3-9474-1A3956D46DE8}") = "tests", "tests", "{44ED8342-082C-465B-A52B-92E35CFFF5FF}"
EndProject
Project("{2150E333-8FDC-42A3-9474-1A3956D46DE8}") = "_Solution Items", "_Solution Items", "{70942B41-08AF-4D88-A95A-31811AD32599}"
	ProjectSection(SolutionItems) = preProject
		.editorconfig = .editorconfig
	EndProjectSection
EndProject
Project("{FAE04EC0-301F-11D3-BF4B-00C04F79EFBC}") = "TechFood.Payment.Contracts", "src\TechFood.Payment.Contracts\TechFood.Payment.Contracts.csproj", "{D88970C5-E323-74AF-3F84-11BDC5D3767E}"
EndProject
Project("{FAE04EC0-301F-11D3-BF4B-00C04F79EFBC}") = "TechFood.Doman.Tests", "tests\TechFood.Doman.Tests\TechFood.Doman.Tests.csproj", "{7164E813-894F-3BC5-72EB-1DADBDF1A177}"
EndProject
Project("{FAE04EC0-301F-11D3-BF4B-00C04F79EFBC}") = "TechFood.Payment.Api.Tests", "tests\TechFood.Payment.Api.Tests\TechFood.Payment.Api.Tests.csproj", "{1198DBC3-0088-4C4C-97E0-C009EF3EBB7F}"
EndProject
Project("{FAE04EC0-301F-11D3-BF4B-00C04F79EFBC}") = "TechFood.Payment.Application.Tests", "tests\TechFood.Payment.Application.Tests\TechFood.Payment.Application.Tests.csproj", "{77A2BAB8-374D-4699-A9AF-1FCC80A9FBD4}"
EndProject
Project("{FAE04EC0-301F-11D3-BF4B-00C04F79EFBC}") = "TechFood.Payment.Infra.Tests", "tests\TechFood.Payment.Infra.Tests\TechFood.Payment.Infra.Tests.csproj", "{E9507116-BB8A-467B-A1C1-9B85F3413E7B}"
EndProject
Global
	GlobalSection(SolutionConfigurationPlatforms) = preSolution
		Debug|Any CPU = Debug|Any CPU
		Debug|x64 = Debug|x64
		Debug|x86 = Debug|x86
		Release|Any CPU = Release|Any CPU
		Release|x64 = Release|x64
		Release|x86 = Release|x86
	EndGlobalSection
	GlobalSection(ProjectConfigurationPlatforms) = postSolution
		{8B1BD942-35AA-49B2-B5F2-5D5EF56EDD66}.Debug|Any CPU.ActiveCfg = Debug|Any CPU
		{8B1BD942-35AA-49B2-B5F2-5D5EF56EDD66}.Debug|Any CPU.Build.0 = Debug|Any CPU
		{8B1BD942-35AA-49B2-B5F2-5D5EF56EDD66}.Debug|x64.ActiveCfg = Debug|Any CPU
		{8B1BD942-35AA-49B2-B5F2-5D5EF56EDD66}.Debug|x64.Build.0 = Debug|Any CPU
		{8B1BD942-35AA-49B2-B5F2-5D5EF56EDD66}.Debug|x86.ActiveCfg = Debug|Any CPU
		{8B1BD942-35AA-49B2-B5F2-5D5EF56EDD66}.Debug|x86.Build.0 = Debug|Any CPU
		{8B1BD942-35AA-49B2-B5F2-5D5EF56EDD66}.Release|Any CPU.ActiveCfg = Release|Any CPU
		{8B1BD942-35AA-49B2-B5F2-5D5EF56EDD66}.Release|Any CPU.Build.0 = Release|Any CPU
		{8B1BD942-35AA-49B2-B5F2-5D5EF56EDD66}.Release|x64.ActiveCfg = Release|Any CPU
		{8B1BD942-35AA-49B2-B5F2-5D5EF56EDD66}.Release|x64.Build.0 = Release|Any CPU
		{8B1BD942-35AA-49B2-B5F2-5D5EF56EDD66}.Release|x86.ActiveCfg = Release|Any CPU
		{8B1BD942-35AA-49B2-B5F2-5D5EF56EDD66}.Release|x86.Build.0 = Release|Any CPU
		{7A68BD09-3BED-4C0E-9188-EAC2FEBC0AEE}.Debug|Any CPU.ActiveCfg = Debug|Any CPU
		{7A68BD09-3BED-4C0E-9188-EAC2FEBC0AEE}.Debug|Any CPU.Build.0 = Debug|Any CPU
		{7A68BD09-3BED-4C0E-9188-EAC2FEBC0AEE}.Debug|x64.ActiveCfg = Debug|Any CPU
		{7A68BD09-3BED-4C0E-9188-EAC2FEBC0AEE}.Debug|x64.Build.0 = Debug|Any CPU
		{7A68BD09-3BED-4C0E-9188-EAC2FEBC0AEE}.Debug|x86.ActiveCfg = Debug|Any CPU
		{7A68BD09-3BED-4C0E-9188-EAC2FEBC0AEE}.Debug|x86.Build.0 = Debug|Any CPU
		{7A68BD09-3BED-4C0E-9188-EAC2FEBC0AEE}.Release|Any CPU.ActiveCfg = Release|Any CPU
		{7A68BD09-3BED-4C0E-9188-EAC2FEBC0AEE}.Release|Any CPU.Build.0 = Release|Any CPU
		{7A68BD09-3BED-4C0E-9188-EAC2FEBC0AEE}.Release|x64.ActiveCfg = Release|Any CPU
		{7A68BD09-3BED-4C0E-9188-EAC2FEBC0AEE}.Release|x64.Build.0 = Release|Any CPU
		{7A68BD09-3BED-4C0E-9188-EAC2FEBC0AEE}.Release|x86.ActiveCfg = Release|Any CPU
		{7A68BD09-3BED-4C0E-9188-EAC2FEBC0AEE}.Release|x86.Build.0 = Release|Any CPU
		{C48990EA-241C-42D4-9592-23CA0362570B}.Debug|Any CPU.ActiveCfg = Debug|Any CPU
		{C48990EA-241C-42D4-9592-23CA0362570B}.Debug|Any CPU.Build.0 = Debug|Any CPU
		{C48990EA-241C-42D4-9592-23CA0362570B}.Debug|x64.ActiveCfg = Debug|Any CPU
		{C48990EA-241C-42D4-9592-23CA0362570B}.Debug|x64.Build.0 = Debug|Any CPU
		{C48990EA-241C-42D4-9592-23CA0362570B}.Debug|x86.ActiveCfg = Debug|Any CPU
		{C48990EA-241C-42D4-9592-23CA0362570B}.Debug|x86.Build.0 = Debug|Any CPU
		{C48990EA-241C-42D4-9592-23CA0362570B}.Release|Any CPU.ActiveCfg = Release|Any CPU
		{C48990EA-241C-42D4-9592-23CA0362570B}.Release|Any CPU.Build.0 = Release|Any CPU
		{C48990EA-241C-42D4-9592-23CA0362570B}.Release|x64.ActiveCfg = Release|Any CPU
		{C48990EA-241C-42D4-9592-23CA0362570B}.Release|x64.Build.0 = Release|Any CPU
		{C48990EA-241C-42D4-9592-23CA0362570B}.Release|x86.ActiveCfg = Release|Any CPU
		{C48990EA-241C-42D4-9592-23CA0362570B}.Release|x86.Build.0 = Release|Any CPU
		{7C0FDF26-D329-41E9-B142-746F3A5AA6ED}.Debug|Any CPU.ActiveCfg = Debug|Any CPU
		{7C0FDF26-D329-41E9-B142-746F3A5AA6ED}.Debug|Any CPU.Build.0 = Debug|Any CPU
		{7C0FDF26-D329-41E9-B142-746F3A5AA6ED}.Debug|x64.ActiveCfg = Debug|Any CPU
		{7C0FDF26-D329-41E9-B142-746F3A5AA6ED}.Debug|x64.Build.0 = Debug|Any CPU
		{7C0FDF26-D329-41E9-B142-746F3A5AA6ED}.Debug|x86.ActiveCfg = Debug|Any CPU
		{7C0FDF26-D329-41E9-B142-746F3A5AA6ED}.Debug|x86.Build.0 = Debug|Any CPU
		{7C0FDF26-D329-41E9-B142-746F3A5AA6ED}.Release|Any CPU.ActiveCfg = Release|Any CPU
		{7C0FDF26-D329-41E9-B142-746F3A5AA6ED}.Release|Any CPU.Build.0 = Release|Any CPU
		{7C0FDF26-D329-41E9-B142-746F3A5AA6ED}.Release|x64.ActiveCfg = Release|Any CPU
		{7C0FDF26-D329-41E9-B142-746F3A5AA6ED}.Release|x64.Build.0 = Release|Any CPU
		{7C0FDF26-D329-41E9-B142-746F3A5AA6ED}.Release|x86.ActiveCfg = Release|Any CPU
		{7C0FDF26-D329-41E9-B142-746F3A5AA6ED}.Release|x86.Build.0 = Release|Any CPU
		{D88970C5-E323-74AF-3F84-11BDC5D3767E}.Debug|Any CPU.ActiveCfg = Debug|Any CPU
		{D88970C5-E323-74AF-3F84-11BDC5D3767E}.Debug|Any CPU.Build.0 = Debug|Any CPU
		{D88970C5-E323-74AF-3F84-11BDC5D3767E}.Debug|x64.ActiveCfg = Debug|Any CPU
		{D88970C5-E323-74AF-3F84-11BDC5D3767E}.Debug|x64.Build.0 = Debug|Any CPU
		{D88970C5-E323-74AF-3F84-11BDC5D3767E}.Debug|x86.ActiveCfg = Debug|Any CPU
		{D88970C5-E323-74AF-3F84-11BDC5D3767E}.Debug|x86.Build.0 = Debug|Any CPU
		{D88970C5-E323-74AF-3F84-11BDC5D3767E}.Release|Any CPU.ActiveCfg = Release|Any CPU
		{D88970C5-E323-74AF-3F84-11BDC5D3767E}.Release|Any CPU.Build.0 = Release|Any CPU
		{D88970C5-E323-74AF-3F84-11BDC5D3767E}.Release|x64.ActiveCfg = Release|Any CPU
		{D88970C5-E323-74AF-3F84-11BDC5D3767E}.Release|x64.Build.0 = Release|Any CPU
		{D88970C5-E323-74AF-3F84-11BDC5D3767E}.Release|x86.ActiveCfg = Release|Any CPU
		{D88970C5-E323-74AF-3F84-11BDC5D3767E}.Release|x86.Build.0 = Release|Any CPU
		{7164E813-894F-3BC5-72EB-1DADBDF1A177}.Debug|Any CPU.ActiveCfg = Debug|Any CPU
		{7164E813-894F-3BC5-72EB-1DADBDF1A177}.Debug|Any CPU.Build.0 = Debug|Any CPU
		{7164E813-894F-3BC5-72EB-1DADBDF1A177}.Debug|x64.ActiveCfg = Debug|Any CPU
		{7164E813-894F-3BC5-72EB-1DADBDF1A177}.Debug|x64.Build.0 = Debug|Any CPU
		{7164E813-894F-3BC5-72EB-1DADBDF1A177}.Debug|x86.ActiveCfg = Debug|Any CPU
		{7164E813-894F-3BC5-72EB-1DADBDF1A177}.Debug|x86.Build.0 = Debug|Any CPU
		{7164E813-894F-3BC5-72EB-1DADBDF1A177}.Release|Any CPU.ActiveCfg = Release|Any CPU
		{7164E813-894F-3BC5-72EB-1DADBDF1A177}.Release|Any CPU.Build.0 = Release|Any CPU
		{7164E813-894F-3BC5-72EB-1DADBDF1A177}.Release|x64.ActiveCfg = Release|Any CPU
		{7164E813-894F-3BC5-72EB-1DADBDF1A177}.Release|x64.Build.0 = Release|Any CPU
		{7164E813-894F-3BC5-72EB-1DADBDF1A177}.Release|x86.ActiveCfg = Release|Any CPU
		{7164E813-894F-3BC5-72EB-1DADBDF1A177}.Release|x86.Build.0 = Release|Any CPU
		{1198DBC3-0088-4C4C-97E0-C009EF3EBB7F}.Debug|Any CPU.ActiveCfg = Debug|Any CPU
		{1198DBC3-0088-4C4C-97E0-C009EF3EBB7F}.Debug|Any CPU.Build.0 = Debug|Any CPU
		{1198DBC3-0088-4C4C-97E0-C009EF3EBB7F}.Debug|x64.ActiveCfg = Debug|Any CPU
		{1198DBC3-0088-4C4C-97E0-C009EF3EBB7F}.Debug|x64.Build.0 = Debug|Any CPU
		{1198DBC3-0088-4C4C-97E0-C009EF3EBB7F}.Debug|x86.ActiveCfg = Debug|Any CPU
		{1198DBC3-0088-4C4C-97E0-C009EF3EBB7F}.Debug|x86.Build.0 = Debug|Any CPU
		{1198DBC3-0088-4C4C-97E0-C009EF3EBB7F}.Release|Any CPU.ActiveCfg = Release|Any CPU
		{1198DBC3-0088-4C4C-97E0-C009EF3EBB7F}.Release|Any CPU.Build.0 = Release|Any CPU
		{1198DBC3-0088-4C4C-97E0-C009EF3EBB7F}.Release|x64.ActiveCfg = Release|Any CPU
		{1198DBC3-0088-4C4C-97E0-C009EF3EBB7F}.Release|x64.Build.0 = Release|Any CPU
		{1198DBC3-0088-4C4C-97E0-C009EF3EBB7F}.Release|x86.ActiveCfg = Release|Any CPU
		{1198DBC3-0088-4C4C-97E0-C009EF3EBB7F}.Release|x86.Build.0 = Release|Any CPU
		{77A2BAB8-374D-4699-A9AF-1FCC80A9FBD4}.Debug|Any CPU.ActiveCfg = Debug|Any CPU
		{77A2BAB8-374D-4699-A9AF-1FCC80A9FBD4}.Debug|Any CPU.Build.0 = Debug|Any CPU
		{77A2BAB8-374D-4699-A9AF-1FCC80A9FBD4}.Debug|x64.ActiveCfg = Debug|Any CPU
		{77A2BAB8-374D-4699-A9AF-1FCC80A9FBD4}.Debug|x64.Build.0 = Debug|Any CPU
		{77A2BAB8-374D-4699-A9AF-1FCC80A9FBD4}.Debug|x86.ActiveCfg = Debug|Any CPU
		{77A2BAB8-374D-4699-A9AF-1FCC80A9FBD4}.Debug|x86.Build.0 = Debug|Any CPU
		{77A2BAB8-374D-4699-A9AF-1FCC80A9FBD4}.Release|Any CPU.ActiveCfg = Release|Any CPU
		{77A2BAB8-374D-4699-A9AF-1FCC80A9FBD4}.Release|Any CPU.Build.0 = Release|Any CPU
		{77A2BAB8-374D-4699-A9AF-1FCC80A9FBD4}.Release|x64.ActiveCfg = Release|Any CPU
		{77A2BAB8-374D-4699-A9AF-1FCC80A9FBD4}.Release|x64.Build.0 = Release|Any CPU
		{77A2BAB8-374D-4699-A9AF-1FCC80A9FBD4}.Release|x86.ActiveCfg = Release|Any CPU
		{77A2BAB8-374D-4699-A9AF-1FCC80A9FBD4}.Release|x86.Build.0 = Release|Any CPU
		{E9507116-BB8A-467B-A1C1-9B85F3413E7B}.Debug|Any CPU.ActiveCfg = Debug|Any CPU
		{E9507116-BB8A-467B-A1C1-9B85F3413E7B}.Debug|Any CPU.Build.0 = Debug|Any CPU
		{E9507116-BB8A-467B-A1C1-9B85F3413E7B}.Debug|x64.ActiveCfg = Debug|Any CPU
		{E9507116-BB8A-467B-A1C1-9B85F3413E7B}.Debug|x64.Build.0 = Debug|Any CPU
		{E9507116-BB8A-467B-A1C1-9B85F3413E7B}.Debug|x86.ActiveCfg = Debug|Any CPU
		{E9507116-BB8A-467B-A1C1-9B85F3413E7B}.Debug|x86.Build.0 = Debug|Any CPU
		{E9507116-BB8A-467B-A1C1-9B85F3413E7B}.Release|Any CPU.ActiveCfg = Release|Any CPU
		{E9507116-BB8A-467B-A1C1-9B85F3413E7B}.Release|Any CPU.Build.0 = Release|Any CPU
		{E9507116-BB8A-467B-A1C1-9B85F3413E7B}.Release|x64.ActiveCfg = Release|Any CPU
		{E9507116-BB8A-467B-A1C1-9B85F3413E7B}.Release|x64.Build.0 = Release|Any CPU
		{E9507116-BB8A-467B-A1C1-9B85F3413E7B}.Release|x86.ActiveCfg = Release|Any CPU
		{E9507116-BB8A-467B-A1C1-9B85F3413E7B}.Release|x86.Build.0 = Release|Any CPU
	EndGlobalSection
	GlobalSection(SolutionProperties) = preSolution
		HideSolutionNode = FALSE
	EndGlobalSection
	GlobalSection(NestedProjects) = preSolution
		{8B1BD942-35AA-49B2-B5F2-5D5EF56EDD66} = {2999BE8A-2C03-4997-957A-66142629BCD5}
		{7A68BD09-3BED-4C0E-9188-EAC2FEBC0AEE} = {2999BE8A-2C03-4997-957A-66142629BCD5}
		{C48990EA-241C-42D4-9592-23CA0362570B} = {2999BE8A-2C03-4997-957A-66142629BCD5}
		{7C0FDF26-D329-41E9-B142-746F3A5AA6ED} = {2999BE8A-2C03-4997-957A-66142629BCD5}
		{D88970C5-E323-74AF-3F84-11BDC5D3767E} = {2999BE8A-2C03-4997-957A-66142629BCD5}
		{7164E813-894F-3BC5-72EB-1DADBDF1A177} = {44ED8342-082C-465B-A52B-92E35CFFF5FF}
		{1198DBC3-0088-4C4C-97E0-C009EF3EBB7F} = {44ED8342-082C-465B-A52B-92E35CFFF5FF}
		{77A2BAB8-374D-4699-A9AF-1FCC80A9FBD4} = {44ED8342-082C-465B-A52B-92E35CFFF5FF}
		{E9507116-BB8A-467B-A1C1-9B85F3413E7B} = {44ED8342-082C-465B-A52B-92E35CFFF5FF}
	EndGlobalSection
	GlobalSection(ExtensibilityGlobals) = postSolution
		SolutionGuid = {08492C5F-0B0F-4434-9AAF-5ED0298B15BF}
	EndGlobalSection
EndGlobal
